// !$*UTF8*$!
{
	archiveVersion = 1;
	classes = {
	};
	objectVersion = 54;
	objects = {

/* Begin PBXBuildFile section */
		1D0B907E21B9BD9C002D8793 /* AppDelegate.swift in Sources */ = {isa = PBXBuildFile; fileRef = 1D0B907D21B9BD9C002D8793 /* AppDelegate.swift */; };
		1D0B908021B9BD9C002D8793 /* LaunchViewController.swift in Sources */ = {isa = PBXBuildFile; fileRef = 1D0B907F21B9BD9C002D8793 /* LaunchViewController.swift */; };
		1D0B908621B9BD9C002D8793 /* SWAPI.xcdatamodeld in Sources */ = {isa = PBXBuildFile; fileRef = 1D0B908421B9BD9C002D8793 /* SWAPI.xcdatamodeld */; };
		1D0B908821B9BD9E002D8793 /* Assets.xcassets in Resources */ = {isa = PBXBuildFile; fileRef = 1D0B908721B9BD9E002D8793 /* Assets.xcassets */; };
		1D0B908B21B9BD9E002D8793 /* LaunchScreen.storyboard in Resources */ = {isa = PBXBuildFile; fileRef = 1D0B908921B9BD9E002D8793 /* LaunchScreen.storyboard */; };
		1D0B909621B9BD9E002D8793 /* SWAPITests.swift in Sources */ = {isa = PBXBuildFile; fileRef = 1D0B909521B9BD9E002D8793 /* SWAPITests.swift */; };
		1D0B90A121B9BD9E002D8793 /* SWAPIUITests.swift in Sources */ = {isa = PBXBuildFile; fileRef = 1D0B90A021B9BD9E002D8793 /* SWAPIUITests.swift */; };
		1D0B90AF21B9C0B8002D8793 /* MainViewController.swift in Sources */ = {isa = PBXBuildFile; fileRef = 1D0B90AE21B9C0B8002D8793 /* MainViewController.swift */; };
		1D0D232821BD8BAF00F6AAD5 /* CustomSearchBar.swift in Sources */ = {isa = PBXBuildFile; fileRef = 1D0D232721BD8BAF00F6AAD5 /* CustomSearchBar.swift */; };
		1D0D232C21BD983500F6AAD5 /* DetailViewController.swift in Sources */ = {isa = PBXBuildFile; fileRef = 1D0D232B21BD983500F6AAD5 /* DetailViewController.swift */; };
		1D0D233021BDA8D400F6AAD5 /* DataController.swift in Sources */ = {isa = PBXBuildFile; fileRef = 1D0D232F21BDA8D400F6AAD5 /* DataController.swift */; };
		1D0D233221BDB27D00F6AAD5 /* Person.swift in Sources */ = {isa = PBXBuildFile; fileRef = 1D0D233121BDB27D00F6AAD5 /* Person.swift */; };
		1D0D233421BDB54F00F6AAD5 /* APIManager.swift in Sources */ = {isa = PBXBuildFile; fileRef = 1D0D233321BDB54F00F6AAD5 /* APIManager.swift */; };
		1D0D233621BDCAEE00F6AAD5 /* DetailsRequest.swift in Sources */ = {isa = PBXBuildFile; fileRef = 1D0D233521BDCAEE00F6AAD5 /* DetailsRequest.swift */; };
		1D0D233921BE024C00F6AAD5 /* FilmRequest.swift in Sources */ = {isa = PBXBuildFile; fileRef = 1D0D233821BE024C00F6AAD5 /* FilmRequest.swift */; };
		1D0D233B21BE8DB500F6AAD5 /* HomeworldRequest.swift in Sources */ = {isa = PBXBuildFile; fileRef = 1D0D233A21BE8DB500F6AAD5 /* HomeworldRequest.swift */; };
		1D0D233D21BE928D00F6AAD5 /* SpeciesRequest.swift in Sources */ = {isa = PBXBuildFile; fileRef = 1D0D233C21BE928D00F6AAD5 /* SpeciesRequest.swift */; };
		1D0D233F21BE948500F6AAD5 /* VehicleRequest.swift in Sources */ = {isa = PBXBuildFile; fileRef = 1D0D233E21BE948500F6AAD5 /* VehicleRequest.swift */; };
		1D0D234121BE956600F6AAD5 /* StarshipRequest.swift in Sources */ = {isa = PBXBuildFile; fileRef = 1D0D234021BE956600F6AAD5 /* StarshipRequest.swift */; };
		1D259BD42916D34000CF28E9 /* String+.swift in Sources */ = {isa = PBXBuildFile; fileRef = 1D259BD32916D34000CF28E9 /* String+.swift */; };
		1D259BD62916D35A00CF28E9 /* Date+.swift in Sources */ = {isa = PBXBuildFile; fileRef = 1D259BD52916D35A00CF28E9 /* Date+.swift */; };
		1D3B3AD929140D5B009BD6A4 /* BaseViewController.swift in Sources */ = {isa = PBXBuildFile; fileRef = 1D3B3AD829140D5B009BD6A4 /* BaseViewController.swift */; };
		1D430BAE21B9D9E100EE2B9A /* SearchViewController.swift in Sources */ = {isa = PBXBuildFile; fileRef = 1D430BAD21B9D9E100EE2B9A /* SearchViewController.swift */; };
		1D430BB121BC867900EE2B9A /* Death-Star.otf in Resources */ = {isa = PBXBuildFile; fileRef = 1D430BB021BC821300EE2B9A /* Death-Star.otf */; };
		1D76E7BA29143F5300C2BAF7 /* PersonRequest.swift in Sources */ = {isa = PBXBuildFile; fileRef = 1D76E7B929143F5300C2BAF7 /* PersonRequest.swift */; };
		1D76E7BD291460D600C2BAF7 /* UIColor+.swift in Sources */ = {isa = PBXBuildFile; fileRef = 1D76E7BC291460D600C2BAF7 /* UIColor+.swift */; };
		1DC7CC2E2911387D00919361 /* SnapKit in Frameworks */ = {isa = PBXBuildFile; productRef = 1DC7CC2D2911387D00919361 /* SnapKit */; };
		1DF9C62B21BC9FF800E355B3 /* CharacterCell.swift in Sources */ = {isa = PBXBuildFile; fileRef = 1DF9C62A21BC9FF800E355B3 /* CharacterCell.swift */; };
/* End PBXBuildFile section */

/* Begin PBXContainerItemProxy section */
		1D0B909221B9BD9E002D8793 /* PBXContainerItemProxy */ = {
			isa = PBXContainerItemProxy;
			containerPortal = 1D0B907221B9BD9C002D8793 /* Project object */;
			proxyType = 1;
			remoteGlobalIDString = 1D0B907921B9BD9C002D8793;
			remoteInfo = SWAPI;
		};
		1D0B909D21B9BD9E002D8793 /* PBXContainerItemProxy */ = {
			isa = PBXContainerItemProxy;
			containerPortal = 1D0B907221B9BD9C002D8793 /* Project object */;
			proxyType = 1;
			remoteGlobalIDString = 1D0B907921B9BD9C002D8793;
			remoteInfo = SWAPI;
		};
/* End PBXContainerItemProxy section */

/* Begin PBXFileReference section */
		1D0B907A21B9BD9C002D8793 /* SWAPI.app */ = {isa = PBXFileReference; explicitFileType = wrapper.application; includeInIndex = 0; path = SWAPI.app; sourceTree = BUILT_PRODUCTS_DIR; };
		1D0B907D21B9BD9C002D8793 /* AppDelegate.swift */ = {isa = PBXFileReference; lastKnownFileType = sourcecode.swift; path = AppDelegate.swift; sourceTree = "<group>"; };
		1D0B907F21B9BD9C002D8793 /* LaunchViewController.swift */ = {isa = PBXFileReference; lastKnownFileType = sourcecode.swift; path = LaunchViewController.swift; sourceTree = "<group>"; };
		1D0B908521B9BD9C002D8793 /* SWAPI.xcdatamodel */ = {isa = PBXFileReference; lastKnownFileType = wrapper.xcdatamodel; path = SWAPI.xcdatamodel; sourceTree = "<group>"; };
		1D0B908721B9BD9E002D8793 /* Assets.xcassets */ = {isa = PBXFileReference; lastKnownFileType = folder.assetcatalog; path = Assets.xcassets; sourceTree = "<group>"; };
		1D0B908A21B9BD9E002D8793 /* Base */ = {isa = PBXFileReference; lastKnownFileType = file.storyboard; name = Base; path = Base.lproj/LaunchScreen.storyboard; sourceTree = "<group>"; };
		1D0B908C21B9BD9E002D8793 /* Info.plist */ = {isa = PBXFileReference; lastKnownFileType = text.plist.xml; path = Info.plist; sourceTree = "<group>"; };
		1D0B909121B9BD9E002D8793 /* SWAPITests.xctest */ = {isa = PBXFileReference; explicitFileType = wrapper.cfbundle; includeInIndex = 0; path = SWAPITests.xctest; sourceTree = BUILT_PRODUCTS_DIR; };
		1D0B909521B9BD9E002D8793 /* SWAPITests.swift */ = {isa = PBXFileReference; lastKnownFileType = sourcecode.swift; path = SWAPITests.swift; sourceTree = "<group>"; };
		1D0B909721B9BD9E002D8793 /* Info.plist */ = {isa = PBXFileReference; lastKnownFileType = text.plist.xml; path = Info.plist; sourceTree = "<group>"; };
		1D0B909C21B9BD9E002D8793 /* SWAPIUITests.xctest */ = {isa = PBXFileReference; explicitFileType = wrapper.cfbundle; includeInIndex = 0; path = SWAPIUITests.xctest; sourceTree = BUILT_PRODUCTS_DIR; };
		1D0B90A021B9BD9E002D8793 /* SWAPIUITests.swift */ = {isa = PBXFileReference; lastKnownFileType = sourcecode.swift; path = SWAPIUITests.swift; sourceTree = "<group>"; };
		1D0B90A221B9BD9E002D8793 /* Info.plist */ = {isa = PBXFileReference; lastKnownFileType = text.plist.xml; path = Info.plist; sourceTree = "<group>"; };
		1D0B90AE21B9C0B8002D8793 /* MainViewController.swift */ = {isa = PBXFileReference; lastKnownFileType = sourcecode.swift; path = MainViewController.swift; sourceTree = "<group>"; };
		1D0D232721BD8BAF00F6AAD5 /* CustomSearchBar.swift */ = {isa = PBXFileReference; lastKnownFileType = sourcecode.swift; path = CustomSearchBar.swift; sourceTree = "<group>"; };
		1D0D232B21BD983500F6AAD5 /* DetailViewController.swift */ = {isa = PBXFileReference; lastKnownFileType = sourcecode.swift; path = DetailViewController.swift; sourceTree = "<group>"; };
		1D0D232F21BDA8D400F6AAD5 /* DataController.swift */ = {isa = PBXFileReference; lastKnownFileType = sourcecode.swift; path = DataController.swift; sourceTree = "<group>"; };
		1D0D233121BDB27D00F6AAD5 /* Person.swift */ = {isa = PBXFileReference; lastKnownFileType = sourcecode.swift; path = Person.swift; sourceTree = "<group>"; };
		1D0D233321BDB54F00F6AAD5 /* APIManager.swift */ = {isa = PBXFileReference; lastKnownFileType = sourcecode.swift; path = APIManager.swift; sourceTree = "<group>"; };
		1D0D233521BDCAEE00F6AAD5 /* DetailsRequest.swift */ = {isa = PBXFileReference; lastKnownFileType = sourcecode.swift; path = DetailsRequest.swift; sourceTree = "<group>"; };
		1D0D233821BE024C00F6AAD5 /* FilmRequest.swift */ = {isa = PBXFileReference; lastKnownFileType = sourcecode.swift; path = FilmRequest.swift; sourceTree = "<group>"; };
		1D0D233A21BE8DB500F6AAD5 /* HomeworldRequest.swift */ = {isa = PBXFileReference; lastKnownFileType = sourcecode.swift; path = HomeworldRequest.swift; sourceTree = "<group>"; };
		1D0D233C21BE928D00F6AAD5 /* SpeciesRequest.swift */ = {isa = PBXFileReference; lastKnownFileType = sourcecode.swift; path = SpeciesRequest.swift; sourceTree = "<group>"; };
		1D0D233E21BE948500F6AAD5 /* VehicleRequest.swift */ = {isa = PBXFileReference; lastKnownFileType = sourcecode.swift; path = VehicleRequest.swift; sourceTree = "<group>"; };
		1D0D234021BE956600F6AAD5 /* StarshipRequest.swift */ = {isa = PBXFileReference; lastKnownFileType = sourcecode.swift; path = StarshipRequest.swift; sourceTree = "<group>"; };
		1D259BD32916D34000CF28E9 /* String+.swift */ = {isa = PBXFileReference; lastKnownFileType = sourcecode.swift; path = "String+.swift"; sourceTree = "<group>"; };
		1D259BD52916D35A00CF28E9 /* Date+.swift */ = {isa = PBXFileReference; lastKnownFileType = sourcecode.swift; path = "Date+.swift"; sourceTree = "<group>"; };
		1D3B3AD829140D5B009BD6A4 /* BaseViewController.swift */ = {isa = PBXFileReference; lastKnownFileType = sourcecode.swift; path = BaseViewController.swift; sourceTree = "<group>"; };
		1D430BAD21B9D9E100EE2B9A /* SearchViewController.swift */ = {isa = PBXFileReference; lastKnownFileType = sourcecode.swift; path = SearchViewController.swift; sourceTree = "<group>"; };
		1D430BB021BC821300EE2B9A /* Death-Star.otf */ = {isa = PBXFileReference; lastKnownFileType = file; path = "Death-Star.otf"; sourceTree = "<group>"; };
		1D76E7B929143F5300C2BAF7 /* PersonRequest.swift */ = {isa = PBXFileReference; lastKnownFileType = sourcecode.swift; path = PersonRequest.swift; sourceTree = "<group>"; };
		1D76E7BC291460D600C2BAF7 /* UIColor+.swift */ = {isa = PBXFileReference; lastKnownFileType = sourcecode.swift; path = "UIColor+.swift"; sourceTree = "<group>"; };
		1DF9C62A21BC9FF800E355B3 /* CharacterCell.swift */ = {isa = PBXFileReference; lastKnownFileType = sourcecode.swift; path = CharacterCell.swift; sourceTree = "<group>"; };
/* End PBXFileReference section */

/* Begin PBXFrameworksBuildPhase section */
		1D0B907721B9BD9C002D8793 /* Frameworks */ = {
			isa = PBXFrameworksBuildPhase;
			buildActionMask = 2147483647;
			files = (
				1DC7CC2E2911387D00919361 /* SnapKit in Frameworks */,
			);
			runOnlyForDeploymentPostprocessing = 0;
		};
		1D0B908E21B9BD9E002D8793 /* Frameworks */ = {
			isa = PBXFrameworksBuildPhase;
			buildActionMask = 2147483647;
			files = (
			);
			runOnlyForDeploymentPostprocessing = 0;
		};
		1D0B909921B9BD9E002D8793 /* Frameworks */ = {
			isa = PBXFrameworksBuildPhase;
			buildActionMask = 2147483647;
			files = (
			);
			runOnlyForDeploymentPostprocessing = 0;
		};
/* End PBXFrameworksBuildPhase section */

/* Begin PBXGroup section */
		1D0B907121B9BD9C002D8793 = {
			isa = PBXGroup;
			children = (
				1D0B907C21B9BD9C002D8793 /* SWAPI */,
				1D0B909421B9BD9E002D8793 /* SWAPITests */,
				1D0B909F21B9BD9E002D8793 /* SWAPIUITests */,
				1D0B907B21B9BD9C002D8793 /* Products */,
			);
			sourceTree = "<group>";
		};
		1D0B907B21B9BD9C002D8793 /* Products */ = {
			isa = PBXGroup;
			children = (
				1D0B907A21B9BD9C002D8793 /* SWAPI.app */,
				1D0B909121B9BD9E002D8793 /* SWAPITests.xctest */,
				1D0B909C21B9BD9E002D8793 /* SWAPIUITests.xctest */,
			);
			name = Products;
			sourceTree = "<group>";
		};
		1D0B907C21B9BD9C002D8793 /* SWAPI */ = {
			isa = PBXGroup;
			children = (
				1D76E7BF2916639A00C2BAF7 /* Services */,
				1D0D232421BD87C000F6AAD5 /* Model */,
				1D430BA821B9C45600EE2B9A /* Views */,
				1D430BA721B9C13600EE2B9A /* Controllers */,
				1D0B90B121B9C0F6002D8793 /* Supporting Files */,
				1D0B908C21B9BD9E002D8793 /* Info.plist */,
			);
			path = SWAPI;
			sourceTree = "<group>";
		};
		1D0B909421B9BD9E002D8793 /* SWAPITests */ = {
			isa = PBXGroup;
			children = (
				1D0B909521B9BD9E002D8793 /* SWAPITests.swift */,
				1D0B909721B9BD9E002D8793 /* Info.plist */,
			);
			path = SWAPITests;
			sourceTree = "<group>";
		};
		1D0B909F21B9BD9E002D8793 /* SWAPIUITests */ = {
			isa = PBXGroup;
			children = (
				1D0B90A021B9BD9E002D8793 /* SWAPIUITests.swift */,
				1D0B90A221B9BD9E002D8793 /* Info.plist */,
			);
			path = SWAPIUITests;
			sourceTree = "<group>";
		};
		1D0B90B121B9C0F6002D8793 /* Supporting Files */ = {
			isa = PBXGroup;
			children = (
				1D76E7BE2914612100C2BAF7 /* Extensions */,
				1D430BAF21BC81F800EE2B9A /* Fonts */,
				1D0B907D21B9BD9C002D8793 /* AppDelegate.swift */,
				1D0B908921B9BD9E002D8793 /* LaunchScreen.storyboard */,
				1D0B908721B9BD9E002D8793 /* Assets.xcassets */,
				1D0B908421B9BD9C002D8793 /* SWAPI.xcdatamodeld */,
			);
			path = "Supporting Files";
			sourceTree = "<group>";
		};
		1D0D232421BD87C000F6AAD5 /* Model */ = {
			isa = PBXGroup;
			children = (
				1D0D233121BDB27D00F6AAD5 /* Person.swift */,
			);
			path = Model;
			sourceTree = "<group>";
		};
		1D0D233721BE023100F6AAD5 /* SWAPI Requests */ = {
			isa = PBXGroup;
			children = (
				1D76E7B929143F5300C2BAF7 /* PersonRequest.swift */,
				1D0D233521BDCAEE00F6AAD5 /* DetailsRequest.swift */,
				1D0D233A21BE8DB500F6AAD5 /* HomeworldRequest.swift */,
				1D0D233821BE024C00F6AAD5 /* FilmRequest.swift */,
				1D0D233C21BE928D00F6AAD5 /* SpeciesRequest.swift */,
				1D0D233E21BE948500F6AAD5 /* VehicleRequest.swift */,
				1D0D234021BE956600F6AAD5 /* StarshipRequest.swift */,
			);
			path = "SWAPI Requests";
			sourceTree = "<group>";
		};
		1D430BA721B9C13600EE2B9A /* Controllers */ = {
			isa = PBXGroup;
			children = (
				1D0B907F21B9BD9C002D8793 /* LaunchViewController.swift */,
				1D0B90AE21B9C0B8002D8793 /* MainViewController.swift */,
				1D430BAD21B9D9E100EE2B9A /* SearchViewController.swift */,
				1D0D232B21BD983500F6AAD5 /* DetailViewController.swift */,
				1D3B3AD829140D5B009BD6A4 /* BaseViewController.swift */,
			);
			name = Controllers;
			path = "New Group";
			sourceTree = "<group>";
		};
		1D430BA821B9C45600EE2B9A /* Views */ = {
			isa = PBXGroup;
			children = (
				1DF9C62A21BC9FF800E355B3 /* CharacterCell.swift */,
				1D0D232721BD8BAF00F6AAD5 /* CustomSearchBar.swift */,
			);
			path = Views;
			sourceTree = "<group>";
		};
		1D430BAF21BC81F800EE2B9A /* Fonts */ = {
			isa = PBXGroup;
			children = (
				1D430BB021BC821300EE2B9A /* Death-Star.otf */,
			);
			path = Fonts;
			sourceTree = "<group>";
		};
		1D76E7BE2914612100C2BAF7 /* Extensions */ = {
			isa = PBXGroup;
			children = (
				1D76E7BC291460D600C2BAF7 /* UIColor+.swift */,
				1D259BD32916D34000CF28E9 /* String+.swift */,
				1D259BD52916D35A00CF28E9 /* Date+.swift */,
			);
			path = Extensions;
			sourceTree = "<group>";
		};
		1D76E7BF2916639A00C2BAF7 /* Services */ = {
			isa = PBXGroup;
			children = (
				1D0D233321BDB54F00F6AAD5 /* APIManager.swift */,
				1D0D232F21BDA8D400F6AAD5 /* DataController.swift */,
				1D0D233721BE023100F6AAD5 /* SWAPI Requests */,
			);
			path = Services;
			sourceTree = "<group>";
		};
/* End PBXGroup section */

/* Begin PBXNativeTarget section */
		1D0B907921B9BD9C002D8793 /* SWAPI */ = {
			isa = PBXNativeTarget;
			buildConfigurationList = 1D0B90A521B9BD9E002D8793 /* Build configuration list for PBXNativeTarget "SWAPI" */;
			buildPhases = (
				1D0B907621B9BD9C002D8793 /* Sources */,
				1D0B907721B9BD9C002D8793 /* Frameworks */,
				1D0B907821B9BD9C002D8793 /* Resources */,
				1D259BD12916B23C00CF28E9 /* ShellScript */,
			);
			buildRules = (
			);
			dependencies = (
			);
			name = SWAPI;
			packageProductDependencies = (
				1DC7CC2D2911387D00919361 /* SnapKit */,
			);
			productName = SWAPI;
			productReference = 1D0B907A21B9BD9C002D8793 /* SWAPI.app */;
			productType = "com.apple.product-type.application";
		};
		1D0B909021B9BD9E002D8793 /* SWAPITests */ = {
			isa = PBXNativeTarget;
			buildConfigurationList = 1D0B90A821B9BD9E002D8793 /* Build configuration list for PBXNativeTarget "SWAPITests" */;
			buildPhases = (
				1D0B908D21B9BD9E002D8793 /* Sources */,
				1D0B908E21B9BD9E002D8793 /* Frameworks */,
				1D0B908F21B9BD9E002D8793 /* Resources */,
			);
			buildRules = (
			);
			dependencies = (
				1D0B909321B9BD9E002D8793 /* PBXTargetDependency */,
			);
			name = SWAPITests;
			productName = SWAPITests;
			productReference = 1D0B909121B9BD9E002D8793 /* SWAPITests.xctest */;
			productType = "com.apple.product-type.bundle.unit-test";
		};
		1D0B909B21B9BD9E002D8793 /* SWAPIUITests */ = {
			isa = PBXNativeTarget;
			buildConfigurationList = 1D0B90AB21B9BD9E002D8793 /* Build configuration list for PBXNativeTarget "SWAPIUITests" */;
			buildPhases = (
				1D0B909821B9BD9E002D8793 /* Sources */,
				1D0B909921B9BD9E002D8793 /* Frameworks */,
				1D0B909A21B9BD9E002D8793 /* Resources */,
			);
			buildRules = (
			);
			dependencies = (
				1D0B909E21B9BD9E002D8793 /* PBXTargetDependency */,
			);
			name = SWAPIUITests;
			productName = SWAPIUITests;
			productReference = 1D0B909C21B9BD9E002D8793 /* SWAPIUITests.xctest */;
			productType = "com.apple.product-type.bundle.ui-testing";
		};
/* End PBXNativeTarget section */

/* Begin PBXProject section */
		1D0B907221B9BD9C002D8793 /* Project object */ = {
			isa = PBXProject;
			attributes = {
				LastSwiftUpdateCheck = 1010;
				LastUpgradeCheck = 1010;
				ORGANIZATIONNAME = "Konstantin Mishukov";
				TargetAttributes = {
					1D0B907921B9BD9C002D8793 = {
						CreatedOnToolsVersion = 10.1;
						LastSwiftMigration = "";
					};
					1D0B909021B9BD9E002D8793 = {
						CreatedOnToolsVersion = 10.1;
						LastSwiftMigration = "";
						TestTargetID = 1D0B907921B9BD9C002D8793;
					};
					1D0B909B21B9BD9E002D8793 = {
						CreatedOnToolsVersion = 10.1;
						LastSwiftMigration = "";
						TestTargetID = 1D0B907921B9BD9C002D8793;
					};
				};
			};
			buildConfigurationList = 1D0B907521B9BD9C002D8793 /* Build configuration list for PBXProject "SWAPI" */;
			compatibilityVersion = "Xcode 9.3";
			developmentRegion = en;
			hasScannedForEncodings = 0;
			knownRegions = (
				en,
				Base,
			);
			mainGroup = 1D0B907121B9BD9C002D8793;
			packageReferences = (
				1DC7CC2C2911387D00919361 /* XCRemoteSwiftPackageReference "SnapKit" */,
			);
			productRefGroup = 1D0B907B21B9BD9C002D8793 /* Products */;
			projectDirPath = "";
			projectRoot = "";
			targets = (
				1D0B907921B9BD9C002D8793 /* SWAPI */,
				1D0B909021B9BD9E002D8793 /* SWAPITests */,
				1D0B909B21B9BD9E002D8793 /* SWAPIUITests */,
			);
		};
/* End PBXProject section */

/* Begin PBXResourcesBuildPhase section */
		1D0B907821B9BD9C002D8793 /* Resources */ = {
			isa = PBXResourcesBuildPhase;
			buildActionMask = 2147483647;
			files = (
				1D0B908B21B9BD9E002D8793 /* LaunchScreen.storyboard in Resources */,
				1D0B908821B9BD9E002D8793 /* Assets.xcassets in Resources */,
				1D430BB121BC867900EE2B9A /* Death-Star.otf in Resources */,
			);
			runOnlyForDeploymentPostprocessing = 0;
		};
		1D0B908F21B9BD9E002D8793 /* Resources */ = {
			isa = PBXResourcesBuildPhase;
			buildActionMask = 2147483647;
			files = (
			);
			runOnlyForDeploymentPostprocessing = 0;
		};
		1D0B909A21B9BD9E002D8793 /* Resources */ = {
			isa = PBXResourcesBuildPhase;
			buildActionMask = 2147483647;
			files = (
			);
			runOnlyForDeploymentPostprocessing = 0;
		};
/* End PBXResourcesBuildPhase section */

/* Begin PBXShellScriptBuildPhase section */
		1D259BD12916B23C00CF28E9 /* ShellScript */ = {
			isa = PBXShellScriptBuildPhase;
			alwaysOutOfDate = 1;
			buildActionMask = 2147483647;
			files = (
			);
			inputFileListPaths = (
			);
			inputPaths = (
			);
			outputFileListPaths = (
			);
			outputPaths = (
			);
			runOnlyForDeploymentPostprocessing = 0;
			shellPath = /bin/sh;
			shellScript = "export PATH=\"$PATH:/opt/homebrew/bin\"\nif which swiftlint > /dev/null; then\n  swiftlint\nelse\n  echo \"warning: SwiftLint not installed, download from https://github.com/realm/SwiftLint\"\nfi\n";
		};
/* End PBXShellScriptBuildPhase section */

/* Begin PBXSourcesBuildPhase section */
		1D0B907621B9BD9C002D8793 /* Sources */ = {
			isa = PBXSourcesBuildPhase;
			buildActionMask = 2147483647;
			files = (
				1D0D232C21BD983500F6AAD5 /* DetailViewController.swift in Sources */,
				1D0D232821BD8BAF00F6AAD5 /* CustomSearchBar.swift in Sources */,
				1D76E7BA29143F5300C2BAF7 /* PersonRequest.swift in Sources */,
				1D0D233021BDA8D400F6AAD5 /* DataController.swift in Sources */,
				1D0D233221BDB27D00F6AAD5 /* Person.swift in Sources */,
				1D3B3AD929140D5B009BD6A4 /* BaseViewController.swift in Sources */,
				1D0B90AF21B9C0B8002D8793 /* MainViewController.swift in Sources */,
				1D0D234121BE956600F6AAD5 /* StarshipRequest.swift in Sources */,
				1D430BAE21B9D9E100EE2B9A /* SearchViewController.swift in Sources */,
				1D0D233B21BE8DB500F6AAD5 /* HomeworldRequest.swift in Sources */,
				1D0D233F21BE948500F6AAD5 /* VehicleRequest.swift in Sources */,
				1D259BD62916D35A00CF28E9 /* Date+.swift in Sources */,
				1D0D233921BE024C00F6AAD5 /* FilmRequest.swift in Sources */,
				1D0B908021B9BD9C002D8793 /* LaunchViewController.swift in Sources */,
				1D0D233D21BE928D00F6AAD5 /* SpeciesRequest.swift in Sources */,
				1D0B907E21B9BD9C002D8793 /* AppDelegate.swift in Sources */,
				1DF9C62B21BC9FF800E355B3 /* CharacterCell.swift in Sources */,
				1D0D233421BDB54F00F6AAD5 /* APIManager.swift in Sources */,
				1D0D233621BDCAEE00F6AAD5 /* DetailsRequest.swift in Sources */,
				1D0B908621B9BD9C002D8793 /* SWAPI.xcdatamodeld in Sources */,
				1D259BD42916D34000CF28E9 /* String+.swift in Sources */,
				1D76E7BD291460D600C2BAF7 /* UIColor+.swift in Sources */,
			);
			runOnlyForDeploymentPostprocessing = 0;
		};
		1D0B908D21B9BD9E002D8793 /* Sources */ = {
			isa = PBXSourcesBuildPhase;
			buildActionMask = 2147483647;
			files = (
				1D0B909621B9BD9E002D8793 /* SWAPITests.swift in Sources */,
			);
			runOnlyForDeploymentPostprocessing = 0;
		};
		1D0B909821B9BD9E002D8793 /* Sources */ = {
			isa = PBXSourcesBuildPhase;
			buildActionMask = 2147483647;
			files = (
				1D0B90A121B9BD9E002D8793 /* SWAPIUITests.swift in Sources */,
			);
			runOnlyForDeploymentPostprocessing = 0;
		};
/* End PBXSourcesBuildPhase section */

/* Begin PBXTargetDependency section */
		1D0B909321B9BD9E002D8793 /* PBXTargetDependency */ = {
			isa = PBXTargetDependency;
			target = 1D0B907921B9BD9C002D8793 /* SWAPI */;
			targetProxy = 1D0B909221B9BD9E002D8793 /* PBXContainerItemProxy */;
		};
		1D0B909E21B9BD9E002D8793 /* PBXTargetDependency */ = {
			isa = PBXTargetDependency;
			target = 1D0B907921B9BD9C002D8793 /* SWAPI */;
			targetProxy = 1D0B909D21B9BD9E002D8793 /* PBXContainerItemProxy */;
		};
/* End PBXTargetDependency section */

/* Begin PBXVariantGroup section */
		1D0B908921B9BD9E002D8793 /* LaunchScreen.storyboard */ = {
			isa = PBXVariantGroup;
			children = (
				1D0B908A21B9BD9E002D8793 /* Base */,
			);
			name = LaunchScreen.storyboard;
			sourceTree = "<group>";
		};
/* End PBXVariantGroup section */

/* Begin XCBuildConfiguration section */
		1D0B90A321B9BD9E002D8793 /* Debug */ = {
			isa = XCBuildConfiguration;
			buildSettings = {
				ALWAYS_SEARCH_USER_PATHS = NO;
				CLANG_ANALYZER_NONNULL = YES;
				CLANG_ANALYZER_NUMBER_OBJECT_CONVERSION = YES_AGGRESSIVE;
				CLANG_CXX_LANGUAGE_STANDARD = "gnu++14";
				CLANG_CXX_LIBRARY = "libc++";
				CLANG_ENABLE_MODULES = YES;
				CLANG_ENABLE_OBJC_ARC = YES;
				CLANG_ENABLE_OBJC_WEAK = YES;
				CLANG_WARN_BLOCK_CAPTURE_AUTORELEASING = YES;
				CLANG_WARN_BOOL_CONVERSION = YES;
				CLANG_WARN_COMMA = YES;
				CLANG_WARN_CONSTANT_CONVERSION = YES;
				CLANG_WARN_DEPRECATED_OBJC_IMPLEMENTATIONS = YES;
				CLANG_WARN_DIRECT_OBJC_ISA_USAGE = YES_ERROR;
				CLANG_WARN_DOCUMENTATION_COMMENTS = YES;
				CLANG_WARN_EMPTY_BODY = YES;
				CLANG_WARN_ENUM_CONVERSION = YES;
				CLANG_WARN_INFINITE_RECURSION = YES;
				CLANG_WARN_INT_CONVERSION = YES;
				CLANG_WARN_NON_LITERAL_NULL_CONVERSION = YES;
				CLANG_WARN_OBJC_IMPLICIT_RETAIN_SELF = YES;
				CLANG_WARN_OBJC_LITERAL_CONVERSION = YES;
				CLANG_WARN_OBJC_ROOT_CLASS = YES_ERROR;
				CLANG_WARN_RANGE_LOOP_ANALYSIS = YES;
				CLANG_WARN_STRICT_PROTOTYPES = YES;
				CLANG_WARN_SUSPICIOUS_MOVE = YES;
				CLANG_WARN_UNGUARDED_AVAILABILITY = YES_AGGRESSIVE;
				CLANG_WARN_UNREACHABLE_CODE = YES;
				CLANG_WARN__DUPLICATE_METHOD_MATCH = YES;
				CODE_SIGN_IDENTITY = "iPhone Developer";
				COPY_PHASE_STRIP = NO;
				DEBUG_INFORMATION_FORMAT = dwarf;
				ENABLE_STRICT_OBJC_MSGSEND = YES;
				ENABLE_TESTABILITY = YES;
				GCC_C_LANGUAGE_STANDARD = gnu11;
				GCC_DYNAMIC_NO_PIC = NO;
				GCC_NO_COMMON_BLOCKS = YES;
				GCC_OPTIMIZATION_LEVEL = 0;
				GCC_PREPROCESSOR_DEFINITIONS = (
					"DEBUG=1",
					"$(inherited)",
				);
				GCC_WARN_64_TO_32_BIT_CONVERSION = YES;
				GCC_WARN_ABOUT_RETURN_TYPE = YES_ERROR;
				GCC_WARN_UNDECLARED_SELECTOR = YES;
				GCC_WARN_UNINITIALIZED_AUTOS = YES_AGGRESSIVE;
				GCC_WARN_UNUSED_FUNCTION = YES;
				GCC_WARN_UNUSED_VARIABLE = YES;
				IPHONEOS_DEPLOYMENT_TARGET = 12.1;
				MTL_ENABLE_DEBUG_INFO = INCLUDE_SOURCE;
				MTL_FAST_MATH = YES;
				ONLY_ACTIVE_ARCH = YES;
				SDKROOT = iphoneos;
				SWIFT_ACTIVE_COMPILATION_CONDITIONS = DEBUG;
				SWIFT_OPTIMIZATION_LEVEL = "-Onone";
			};
			name = Debug;
		};
		1D0B90A421B9BD9E002D8793 /* Release */ = {
			isa = XCBuildConfiguration;
			buildSettings = {
				ALWAYS_SEARCH_USER_PATHS = NO;
				CLANG_ANALYZER_NONNULL = YES;
				CLANG_ANALYZER_NUMBER_OBJECT_CONVERSION = YES_AGGRESSIVE;
				CLANG_CXX_LANGUAGE_STANDARD = "gnu++14";
				CLANG_CXX_LIBRARY = "libc++";
				CLANG_ENABLE_MODULES = YES;
				CLANG_ENABLE_OBJC_ARC = YES;
				CLANG_ENABLE_OBJC_WEAK = YES;
				CLANG_WARN_BLOCK_CAPTURE_AUTORELEASING = YES;
				CLANG_WARN_BOOL_CONVERSION = YES;
				CLANG_WARN_COMMA = YES;
				CLANG_WARN_CONSTANT_CONVERSION = YES;
				CLANG_WARN_DEPRECATED_OBJC_IMPLEMENTATIONS = YES;
				CLANG_WARN_DIRECT_OBJC_ISA_USAGE = YES_ERROR;
				CLANG_WARN_DOCUMENTATION_COMMENTS = YES;
				CLANG_WARN_EMPTY_BODY = YES;
				CLANG_WARN_ENUM_CONVERSION = YES;
				CLANG_WARN_INFINITE_RECURSION = YES;
				CLANG_WARN_INT_CONVERSION = YES;
				CLANG_WARN_NON_LITERAL_NULL_CONVERSION = YES;
				CLANG_WARN_OBJC_IMPLICIT_RETAIN_SELF = YES;
				CLANG_WARN_OBJC_LITERAL_CONVERSION = YES;
				CLANG_WARN_OBJC_ROOT_CLASS = YES_ERROR;
				CLANG_WARN_RANGE_LOOP_ANALYSIS = YES;
				CLANG_WARN_STRICT_PROTOTYPES = YES;
				CLANG_WARN_SUSPICIOUS_MOVE = YES;
				CLANG_WARN_UNGUARDED_AVAILABILITY = YES_AGGRESSIVE;
				CLANG_WARN_UNREACHABLE_CODE = YES;
				CLANG_WARN__DUPLICATE_METHOD_MATCH = YES;
				CODE_SIGN_IDENTITY = "iPhone Developer";
				COPY_PHASE_STRIP = NO;
				DEBUG_INFORMATION_FORMAT = "dwarf-with-dsym";
				ENABLE_NS_ASSERTIONS = NO;
				ENABLE_STRICT_OBJC_MSGSEND = YES;
				GCC_C_LANGUAGE_STANDARD = gnu11;
				GCC_NO_COMMON_BLOCKS = YES;
				GCC_WARN_64_TO_32_BIT_CONVERSION = YES;
				GCC_WARN_ABOUT_RETURN_TYPE = YES_ERROR;
				GCC_WARN_UNDECLARED_SELECTOR = YES;
				GCC_WARN_UNINITIALIZED_AUTOS = YES_AGGRESSIVE;
				GCC_WARN_UNUSED_FUNCTION = YES;
				GCC_WARN_UNUSED_VARIABLE = YES;
				IPHONEOS_DEPLOYMENT_TARGET = 12.1;
				MTL_ENABLE_DEBUG_INFO = NO;
				MTL_FAST_MATH = YES;
				SDKROOT = iphoneos;
				SWIFT_COMPILATION_MODE = wholemodule;
				SWIFT_OPTIMIZATION_LEVEL = "-O";
				VALIDATE_PRODUCT = YES;
			};
			name = Release;
		};
		1D0B90A621B9BD9E002D8793 /* Debug */ = {
			isa = XCBuildConfiguration;
			buildSettings = {
				ASSETCATALOG_COMPILER_APPICON_NAME = AppIcon;
				CODE_SIGN_STYLE = Automatic;
				DEVELOPMENT_TEAM = 9N9MQ3U2TY;
				INFOPLIST_FILE = SWAPI/Info.plist;
				IPHONEOS_DEPLOYMENT_TARGET = 13.4;
				LD_RUNPATH_SEARCH_PATHS = (
					"$(inherited)",
					"@executable_path/Frameworks",
				);
				PRODUCT_BUNDLE_IDENTIFIER = mycompany.SWAPI;
				PRODUCT_NAME = "$(TARGET_NAME)";
				SWIFT_VERSION = 5.0;
				TARGETED_DEVICE_FAMILY = 1;
			};
			name = Debug;
		};
		1D0B90A721B9BD9E002D8793 /* Release */ = {
			isa = XCBuildConfiguration;
			buildSettings = {
				ASSETCATALOG_COMPILER_APPICON_NAME = AppIcon;
				CODE_SIGN_STYLE = Automatic;
				DEVELOPMENT_TEAM = 9N9MQ3U2TY;
				INFOPLIST_FILE = SWAPI/Info.plist;
				IPHONEOS_DEPLOYMENT_TARGET = 13.4;
				LD_RUNPATH_SEARCH_PATHS = (
					"$(inherited)",
					"@executable_path/Frameworks",
				);
				PRODUCT_BUNDLE_IDENTIFIER = mycompany.SWAPI;
				PRODUCT_NAME = "$(TARGET_NAME)";
				SWIFT_VERSION = 5.0;
				TARGETED_DEVICE_FAMILY = 1;
			};
			name = Release;
		};
		1D0B90A921B9BD9E002D8793 /* Debug */ = {
			isa = XCBuildConfiguration;
			buildSettings = {
				ALWAYS_EMBED_SWIFT_STANDARD_LIBRARIES = YES;
				BUNDLE_LOADER = "$(TEST_HOST)";
				CODE_SIGN_STYLE = Automatic;
				DEVELOPMENT_TEAM = 9N9MQ3U2TY;
				INFOPLIST_FILE = SWAPITests/Info.plist;
				IPHONEOS_DEPLOYMENT_TARGET = 13.4;
				LD_RUNPATH_SEARCH_PATHS = (
					"$(inherited)",
					"@executable_path/Frameworks",
					"@loader_path/Frameworks",
				);
				PRODUCT_BUNDLE_IDENTIFIER = mycompany.SWAPITests;
				PRODUCT_NAME = "$(TARGET_NAME)";
				SWIFT_VERSION = 5.0;
				TARGETED_DEVICE_FAMILY = "1,2";
				TEST_HOST = "$(BUILT_PRODUCTS_DIR)/SWAPI.app/SWAPI";
			};
			name = Debug;
		};
		1D0B90AA21B9BD9E002D8793 /* Release */ = {
			isa = XCBuildConfiguration;
			buildSettings = {
				ALWAYS_EMBED_SWIFT_STANDARD_LIBRARIES = YES;
				BUNDLE_LOADER = "$(TEST_HOST)";
				CODE_SIGN_STYLE = Automatic;
				DEVELOPMENT_TEAM = 9N9MQ3U2TY;
				INFOPLIST_FILE = SWAPITests/Info.plist;
				IPHONEOS_DEPLOYMENT_TARGET = 13.4;
				LD_RUNPATH_SEARCH_PATHS = (
					"$(inherited)",
					"@executable_path/Frameworks",
					"@loader_path/Frameworks",
				);
				PRODUCT_BUNDLE_IDENTIFIER = mycompany.SWAPITests;
				PRODUCT_NAME = "$(TARGET_NAME)";
				SWIFT_VERSION = 5.0;
				TARGETED_DEVICE_FAMILY = "1,2";
				TEST_HOST = "$(BUILT_PRODUCTS_DIR)/SWAPI.app/SWAPI";
			};
			name = Release;
		};
		1D0B90AC21B9BD9E002D8793 /* Debug */ = {
			isa = XCBuildConfiguration;
			buildSettings = {
				ALWAYS_EMBED_SWIFT_STANDARD_LIBRARIES = YES;
				CODE_SIGN_STYLE = Automatic;
				DEVELOPMENT_TEAM = 9N9MQ3U2TY;
				INFOPLIST_FILE = SWAPIUITests/Info.plist;
				IPHONEOS_DEPLOYMENT_TARGET = 13.4;
				LD_RUNPATH_SEARCH_PATHS = (
					"$(inherited)",
					"@executable_path/Frameworks",
					"@loader_path/Frameworks",
				);
				PRODUCT_BUNDLE_IDENTIFIER = mycompany.SWAPIUITests;
				PRODUCT_NAME = "$(TARGET_NAME)";
				SWIFT_VERSION = 5.0;
				TARGETED_DEVICE_FAMILY = "1,2";
				TEST_TARGET_NAME = SWAPI;
			};
			name = Debug;
		};
		1D0B90AD21B9BD9E002D8793 /* Release */ = {
			isa = XCBuildConfiguration;
			buildSettings = {
				ALWAYS_EMBED_SWIFT_STANDARD_LIBRARIES = YES;
				CODE_SIGN_STYLE = Automatic;
				DEVELOPMENT_TEAM = 9N9MQ3U2TY;
				INFOPLIST_FILE = SWAPIUITests/Info.plist;
				IPHONEOS_DEPLOYMENT_TARGET = 13.4;
				LD_RUNPATH_SEARCH_PATHS = (
					"$(inherited)",
					"@executable_path/Frameworks",
					"@loader_path/Frameworks",
				);
				PRODUCT_BUNDLE_IDENTIFIER = mycompany.SWAPIUITests;
				PRODUCT_NAME = "$(TARGET_NAME)";
				SWIFT_VERSION = 5.0;
				TARGETED_DEVICE_FAMILY = "1,2";
				TEST_TARGET_NAME = SWAPI;
			};
			name = Release;
		};
/* End XCBuildConfiguration section */

/* Begin XCConfigurationList section */
		1D0B907521B9BD9C002D8793 /* Build configuration list for PBXProject "SWAPI" */ = {
			isa = XCConfigurationList;
			buildConfigurations = (
				1D0B90A321B9BD9E002D8793 /* Debug */,
				1D0B90A421B9BD9E002D8793 /* Release */,
			);
			defaultConfigurationIsVisible = 0;
			defaultConfigurationName = Release;
		};
		1D0B90A521B9BD9E002D8793 /* Build configuration list for PBXNativeTarget "SWAPI" */ = {
			isa = XCConfigurationList;
			buildConfigurations = (
				1D0B90A621B9BD9E002D8793 /* Debug */,
				1D0B90A721B9BD9E002D8793 /* Release */,
			);
			defaultConfigurationIsVisible = 0;
			defaultConfigurationName = Release;
		};
		1D0B90A821B9BD9E002D8793 /* Build configuration list for PBXNativeTarget "SWAPITests" */ = {
			isa = XCConfigurationList;
			buildConfigurations = (
				1D0B90A921B9BD9E002D8793 /* Debug */,
				1D0B90AA21B9BD9E002D8793 /* Release */,
			);
			defaultConfigurationIsVisible = 0;
			defaultConfigurationName = Release;
		};
		1D0B90AB21B9BD9E002D8793 /* Build configuration list for PBXNativeTarget "SWAPIUITests" */ = {
			isa = XCConfigurationList;
			buildConfigurations = (
				1D0B90AC21B9BD9E002D8793 /* Debug */,
				1D0B90AD21B9BD9E002D8793 /* Release */,
			);
			defaultConfigurationIsVisible = 0;
			defaultConfigurationName = Release;
		};
/* End XCConfigurationList section */

/* Begin XCRemoteSwiftPackageReference section */
		1DC7CC2C2911387D00919361 /* XCRemoteSwiftPackageReference "SnapKit" */ = {
			isa = XCRemoteSwiftPackageReference;
			repositoryURL = "https://github.com/SnapKit/SnapKit.git";
			requirement = {
				kind = upToNextMajorVersion;
				minimumVersion = 5.0.0;
			};
		};
/* End XCRemoteSwiftPackageReference section */

/* Begin XCSwiftPackageProductDependency section */
		1DC7CC2D2911387D00919361 /* SnapKit */ = {
			isa = XCSwiftPackageProductDependency;
			package = 1DC7CC2C2911387D00919361 /* XCRemoteSwiftPackageReference "SnapKit" */;
			productName = SnapKit;
		};
/* End XCSwiftPackageProductDependency section */

/* Begin XCVersionGroup section */
		1D0B908421B9BD9C002D8793 /* SWAPI.xcdatamodeld */ = {
			isa = XCVersionGroup;
			children = (
				1D0B908521B9BD9C002D8793 /* SWAPI.xcdatamodel */,
			);
			currentVersion = 1D0B908521B9BD9C002D8793 /* SWAPI.xcdatamodel */;
			path = SWAPI.xcdatamodeld;
			sourceTree = "<group>";
			versionGroupType = wrapper.xcdatamodel;
		};
/* End XCVersionGroup section */
	};
	rootObject = 1D0B907221B9BD9C002D8793 /* Project object */;
}
